
Microsoft Visual Studio Solution File, Format Version 12.00
# Visual Studio Version 16
VisualStudioVersion = 16.0.32602.291
MinimumVisualStudioVersion = 10.0.40219.1
Project("{FAE04EC0-301F-11D3-BF4B-00C04F79EFBC}") = "Random number generator", "Random number generator.csproj", "{B68380F4-4B64-435A-80CE-6A383FA80442}"
EndProject
Global
	GlobalSection(SolutionConfigurationPlatforms) = preSolution
		Debug|Any CPU = Debug|Any CPU
		Release|Any CPU = Release|Any CPU
	EndGlobalSection
	GlobalSection(ProjectConfigurationPlatforms) = postSolution
		{B68380F4-4B64-435A-80CE-6A383FA80442}.Debug|Any CPU.ActiveCfg = Debug|Any CPU
		{B68380F4-4B64-435A-80CE-6A383FA80442}.Debug|Any CPU.Build.0 = Debug|Any CPU
		{B68380F4-4B64-435A-80CE-6A383FA80442}.Release|Any CPU.ActiveCfg = Release|Any CPU
		{B68380F4-4B64-435A-80CE-6A383FA80442}.Release|Any CPU.Build.0 = Release|Any CPU
	EndGlobalSection
	GlobalSection(SolutionProperties) = preSolution
		HideSolutionNode = FALSE
	EndGlobalSection
	GlobalSection(ExtensibilityGlobals) = postSolution
		SolutionGuid = {E78D5872-5D83-4A12-B300-C66DA04BFAF1}
	EndGlobalSection
EndGlobal
